
Microsoft Visual Studio Solution File, Format Version 12.00
# Visual Studio Version 17
VisualStudioVersion = 17.9.34526.213
MinimumVisualStudioVersion = 10.0.40219.1
Project("{54A90642-561A-4BB1-A94E-469ADEE60C69}") = "reactproject1doskasowania", "reactproject1DoSkasowania\reactproject1doskasowania.esproj", "{599D0CBA-43E1-407A-AECE-37FB40D1EFD3}"
EndProject
Global
	GlobalSection(SolutionConfigurationPlatforms) = preSolution
		Debug|Any CPU = Debug|Any CPU
		Release|Any CPU = Release|Any CPU
	EndGlobalSection
	GlobalSection(ProjectConfigurationPlatforms) = postSolution
		{599D0CBA-43E1-407A-AECE-37FB40D1EFD3}.Debug|Any CPU.ActiveCfg = Debug|Any CPU
		{599D0CBA-43E1-407A-AECE-37FB40D1EFD3}.Debug|Any CPU.Build.0 = Debug|Any CPU
		{599D0CBA-43E1-407A-AECE-37FB40D1EFD3}.Debug|Any CPU.Deploy.0 = Debug|Any CPU
		{599D0CBA-43E1-407A-AECE-37FB40D1EFD3}.Release|Any CPU.ActiveCfg = Release|Any CPU
		{599D0CBA-43E1-407A-AECE-37FB40D1EFD3}.Release|Any CPU.Build.0 = Release|Any CPU
		{599D0CBA-43E1-407A-AECE-37FB40D1EFD3}.Release|Any CPU.Deploy.0 = Release|Any CPU
	EndGlobalSection
	GlobalSection(SolutionProperties) = preSolution
		HideSolutionNode = FALSE
	EndGlobalSection
	GlobalSection(ExtensibilityGlobals) = postSolution
		SolutionGuid = {2CB294F6-2336-45A5-AF2E-538CBAF10CB8}
	EndGlobalSection
EndGlobal
